
Microsoft Visual Studio Solution File, Format Version 12.00
# Visual Studio Version 17
VisualStudioVersion = 17.11.35312.102
MinimumVisualStudioVersion = 10.0.40219.1
Project("{FAE04EC0-301F-11D3-BF4B-00C04F79EFBC}") = "Chip8Emu", "Chip8Emu.csproj", "{CCB55144-B24B-4237-845E-66822D420504}"
EndProject
Global
	GlobalSection(SolutionConfigurationPlatforms) = preSolution
		Debug|Any CPU = Debug|Any CPU
		Release|Any CPU = Release|Any CPU
	EndGlobalSection
	GlobalSection(ProjectConfigurationPlatforms) = postSolution
		{CCB55144-B24B-4237-845E-66822D420504}.Debug|Any CPU.ActiveCfg = Debug|Any CPU
		{CCB55144-B24B-4237-845E-66822D420504}.Debug|Any CPU.Build.0 = Debug|Any CPU
		{CCB55144-B24B-4237-845E-66822D420504}.Release|Any CPU.ActiveCfg = Release|Any CPU
		{CCB55144-B24B-4237-845E-66822D420504}.Release|Any CPU.Build.0 = Release|Any CPU
	EndGlobalSection
	GlobalSection(SolutionProperties) = preSolution
		HideSolutionNode = FALSE
	EndGlobalSection
	GlobalSection(ExtensibilityGlobals) = postSolution
		SolutionGuid = {D57204D9-DDF8-4C7B-91DC-1F648569C6CC}
	EndGlobalSection
EndGlobal
